// !$*UTF8*$!
{
	archiveVersion = 1;
	classes = {
	};
	objectVersion = 46;
	objects = {

/* Begin PBXBuildFile section */
		D60C67A51B8AA30C00859F5D /* main.cpp in Sources */ = {isa = PBXBuildFile; fileRef = D60C67A41B8AA30C00859F5D /* main.cpp */; };
		D60C67BF1B8C46C900859F5D /* libstdc++.6.0.9.dylib in Frameworks */ = {isa = PBXBuildFile; fileRef = D60C67BE1B8C46C900859F5D /* libstdc++.6.0.9.dylib */; };
/* End PBXBuildFile section */

/* Begin PBXCopyFilesBuildPhase section */
		D60C67961B8A41E500859F5D /* CopyFiles */ = {
			isa = PBXCopyFilesBuildPhase;
			buildActionMask = 2147483647;
			dstPath = /usr/share/man/man1/;
			dstSubfolderSpec = 0;
			files = (
			);
			runOnlyForDeploymentPostprocessing = 1;
		};
/* End PBXCopyFilesBuildPhase section */

/* Begin PBXFileReference section */
		D60C67981B8A41E500859F5D /* Archis */ = {isa = PBXFileReference; explicitFileType = "compiled.mach-o.executable"; includeInIndex = 0; path = Archis; sourceTree = BUILT_PRODUCTS_DIR; };
		D60C67A41B8AA30C00859F5D /* main.cpp */ = {isa = PBXFileReference; fileEncoding = 4; lastKnownFileType = sourcecode.cpp.cpp; path = main.cpp; sourceTree = "<group>"; };
		D60C67BE1B8C46C900859F5D /* libstdc++.6.0.9.dylib */ = {isa = PBXFileReference; lastKnownFileType = "compiled.mach-o.dylib"; name = "libstdc++.6.0.9.dylib"; path = "usr/lib/libstdc++.6.0.9.dylib"; sourceTree = SDKROOT; };
		D6C2B34D1B93721E008E60B9 /* Scene */ = {isa = PBXFileReference; lastKnownFileType = folder; path = Scene; sourceTree = "<group>"; };
		D6C2B34E1B93722B008E60B9 /* Algorithm */ = {isa = PBXFileReference; lastKnownFileType = folder; path = Algorithm; sourceTree = "<group>"; };
		D6C2B34F1B937242008E60B9 /* Image */ = {isa = PBXFileReference; lastKnownFileType = folder; path = Image; sourceTree = "<group>"; };
		D6C2B3501B937242008E60B9 /* LightParameters */ = {isa = PBXFileReference; lastKnownFileType = folder; path = LightParameters; sourceTree = "<group>"; };
		D6C2B3511B937242008E60B9 /* Scene */ = {isa = PBXFileReference; lastKnownFileType = folder; path = Scene; sourceTree = "<group>"; };
		D6C2B3521B937291008E60B9 /* Utility */ = {isa = PBXFileReference; lastKnownFileType = folder; path = Utility; sourceTree = "<group>"; };
/* End PBXFileReference section */

/* Begin PBXFrameworksBuildPhase section */
		D60C67951B8A41E500859F5D /* Frameworks */ = {
			isa = PBXFrameworksBuildPhase;
			buildActionMask = 2147483647;
			files = (
				D60C67BF1B8C46C900859F5D /* libstdc++.6.0.9.dylib in Frameworks */,
			);
			runOnlyForDeploymentPostprocessing = 0;
		};
/* End PBXFrameworksBuildPhase section */

/* Begin PBXGroup section */
		D60C678F1B8A41E500859F5D = {
			isa = PBXGroup;
			children = (
				D60C67BE1B8C46C900859F5D /* libstdc++.6.0.9.dylib */,
				D60C67A31B8AA2ED00859F5D /* Archis */,
				D60C67991B8A41E500859F5D /* Products */,
			);
			sourceTree = "<group>";
		};
		D60C67991B8A41E500859F5D /* Products */ = {
			isa = PBXGroup;
			children = (
				D60C67981B8A41E500859F5D /* Archis */,
			);
			name = Products;
			sourceTree = "<group>";
		};
		D60C67A31B8AA2ED00859F5D /* Archis */ = {
			isa = PBXGroup;
			children = (
				D6C2B3521B937291008E60B9 /* Utility */,
				D6C2B34F1B937242008E60B9 /* Image */,
				D6C2B3501B937242008E60B9 /* LightParameters */,
				D6C2B3511B937242008E60B9 /* Scene */,
				D6C2B34E1B93722B008E60B9 /* Algorithm */,
				D6C2B34D1B93721E008E60B9 /* Scene */,
				D60C67A41B8AA30C00859F5D /* main.cpp */,
			);
			name = Archis;
			sourceTree = "<group>";
		};
/* End PBXGroup section */

/* Begin PBXNativeTarget section */
		D60C67971B8A41E500859F5D /* Archis */ = {
			isa = PBXNativeTarget;
			buildConfigurationList = D60C679F1B8A41E500859F5D /* Build configuration list for PBXNativeTarget "Archis" */;
			buildPhases = (
				D60C67941B8A41E500859F5D /* Sources */,
				D60C67951B8A41E500859F5D /* Frameworks */,
				D60C67961B8A41E500859F5D /* CopyFiles */,
			);
			buildRules = (
			);
			dependencies = (
			);
			name = Archis;
			productName = Archis;
			productReference = D60C67981B8A41E500859F5D /* Archis */;
			productType = "com.apple.product-type.tool";
		};
/* End PBXNativeTarget section */

/* Begin PBXProject section */
		D60C67901B8A41E500859F5D /* Project object */ = {
			isa = PBXProject;
			attributes = {
				LastUpgradeCheck = 0640;
				ORGANIZATIONNAME = "Pratheba Selvaraju";
				TargetAttributes = {
					D60C67971B8A41E500859F5D = {
						CreatedOnToolsVersion = 6.4;
					};
				};
			};
			buildConfigurationList = D60C67931B8A41E500859F5D /* Build configuration list for PBXProject "Archis" */;
			compatibilityVersion = "Xcode 3.2";
			developmentRegion = English;
			hasScannedForEncodings = 0;
			knownRegions = (
				en,
			);
			mainGroup = D60C678F1B8A41E500859F5D;
			productRefGroup = D60C67991B8A41E500859F5D /* Products */;
			projectDirPath = "";
			projectRoot = "";
			targets = (
				D60C67971B8A41E500859F5D /* Archis */,
			);
		};
/* End PBXProject section */

/* Begin PBXSourcesBuildPhase section */
		D60C67941B8A41E500859F5D /* Sources */ = {
			isa = PBXSourcesBuildPhase;
			buildActionMask = 2147483647;
			files = (
				D60C67A51B8AA30C00859F5D /* main.cpp in Sources */,
			);
			runOnlyForDeploymentPostprocessing = 0;
		};
/* End PBXSourcesBuildPhase section */

/* Begin XCBuildConfiguration section */
		D60C679D1B8A41E500859F5D /* Debug */ = {
			isa = XCBuildConfiguration;
			buildSettings = {
				ALWAYS_SEARCH_USER_PATHS = NO;
				CLANG_CXX_LANGUAGE_STANDARD = "gnu++0x";
				CLANG_CXX_LIBRARY = "libc++";
				CLANG_ENABLE_MODULES = YES;
				CLANG_ENABLE_OBJC_ARC = YES;
				CLANG_WARN_BOOL_CONVERSION = YES;
				CLANG_WARN_CONSTANT_CONVERSION = YES;
				CLANG_WARN_DIRECT_OBJC_ISA_USAGE = YES_ERROR;
				CLANG_WARN_EMPTY_BODY = YES;
				CLANG_WARN_ENUM_CONVERSION = YES;
				CLANG_WARN_INT_CONVERSION = YES;
				CLANG_WARN_OBJC_ROOT_CLASS = YES_ERROR;
				CLANG_WARN_UNREACHABLE_CODE = YES;
				CLANG_WARN__DUPLICATE_METHOD_MATCH = YES;
				COPY_PHASE_STRIP = NO;
				DEBUG_INFORMATION_FORMAT = dwarf;
				ENABLE_STRICT_OBJC_MSGSEND = YES;
				GCC_C_LANGUAGE_STANDARD = gnu99;
				GCC_DYNAMIC_NO_PIC = NO;
				GCC_NO_COMMON_BLOCKS = YES;
				GCC_OPTIMIZATION_LEVEL = 0;
				GCC_PREPROCESSOR_DEFINITIONS = (
					"DEBUG=1",
					"$(inherited)",
				);
				GCC_SYMBOLS_PRIVATE_EXTERN = NO;
				GCC_WARN_64_TO_32_BIT_CONVERSION = YES;
				GCC_WARN_ABOUT_RETURN_TYPE = YES_ERROR;
				GCC_WARN_UNDECLARED_SELECTOR = YES;
				GCC_WARN_UNINITIALIZED_AUTOS = YES_AGGRESSIVE;
				GCC_WARN_UNUSED_FUNCTION = YES;
				GCC_WARN_UNUSED_VARIABLE = YES;
				MACOSX_DEPLOYMENT_TARGET = 10.10;
				MTL_ENABLE_DEBUG_INFO = YES;
				ONLY_ACTIVE_ARCH = YES;
				SDKROOT = macosx;
			};
			name = Debug;
		};
		D60C679E1B8A41E500859F5D /* Release */ = {
			isa = XCBuildConfiguration;
			buildSettings = {
				ALWAYS_SEARCH_USER_PATHS = NO;
				CLANG_CXX_LANGUAGE_STANDARD = "gnu++0x";
				CLANG_CXX_LIBRARY = "libc++";
				CLANG_ENABLE_MODULES = YES;
				CLANG_ENABLE_OBJC_ARC = YES;
				CLANG_WARN_BOOL_CONVERSION = YES;
				CLANG_WARN_CONSTANT_CONVERSION = YES;
				CLANG_WARN_DIRECT_OBJC_ISA_USAGE = YES_ERROR;
				CLANG_WARN_EMPTY_BODY = YES;
				CLANG_WARN_ENUM_CONVERSION = YES;
				CLANG_WARN_INT_CONVERSION = YES;
				CLANG_WARN_OBJC_ROOT_CLASS = YES_ERROR;
				CLANG_WARN_UNREACHABLE_CODE = YES;
				CLANG_WARN__DUPLICATE_METHOD_MATCH = YES;
				COPY_PHASE_STRIP = NO;
				DEBUG_INFORMATION_FORMAT = "dwarf-with-dsym";
				ENABLE_NS_ASSERTIONS = NO;
				ENABLE_STRICT_OBJC_MSGSEND = YES;
				GCC_C_LANGUAGE_STANDARD = gnu99;
				GCC_NO_COMMON_BLOCKS = YES;
				GCC_WARN_64_TO_32_BIT_CONVERSION = YES;
				GCC_WARN_ABOUT_RETURN_TYPE = YES_ERROR;
				GCC_WARN_UNDECLARED_SELECTOR = YES;
				GCC_WARN_UNINITIALIZED_AUTOS = YES_AGGRESSIVE;
				GCC_WARN_UNUSED_FUNCTION = YES;
				GCC_WARN_UNUSED_VARIABLE = YES;
				MACOSX_DEPLOYMENT_TARGET = 10.10;
				MTL_ENABLE_DEBUG_INFO = NO;
				SDKROOT = macosx;
			};
			name = Release;
		};
		D60C67A01B8A41E500859F5D /* Debug */ = {
			isa = XCBuildConfiguration;
			buildSettings = {
				ARCHS = "$(NATIVE_ARCH_ACTUAL)";
				CLANG_CXX_LANGUAGE_STANDARD = "gnu++0x";
				CLANG_CXX_LIBRARY = "libc++";
				HEADER_SEARCH_PATHS = (
					"$(inherited)",
					/Applications/Xcode.app/Contents/Developer/Toolchains/XcodeDefault.xctoolchain/usr/include,
					/usr/local/include,
				);
				LIBRARY_SEARCH_PATHS = /usr/local/lib;
				OTHER_LDFLAGS = (
					"-lIlmImf",
					"-lHalf",
				);
				PRODUCT_NAME = "$(TARGET_NAME)";
			};
			name = Debug;
		};
		D60C67A11B8A41E500859F5D /* Release */ = {
			isa = XCBuildConfiguration;
			buildSettings = {
				ARCHS = "$(NATIVE_ARCH_ACTUAL)";
				CLANG_CXX_LANGUAGE_STANDARD = "gnu++0x";
				CLANG_CXX_LIBRARY = "libc++";
				HEADER_SEARCH_PATHS = (
					"$(inherited)",
					/Applications/Xcode.app/Contents/Developer/Toolchains/XcodeDefault.xctoolchain/usr/include,
					/usr/local/include,
				);
				LIBRARY_SEARCH_PATHS = /usr/local/lib;
				OTHER_LDFLAGS = (
					"-lIlmImf",
					"-lHalf",
				);
				PRODUCT_NAME = "$(TARGET_NAME)";
			};
			name = Release;
		};
/* End XCBuildConfiguration section */

/* Begin XCConfigurationList section */
		D60C67931B8A41E500859F5D /* Build configuration list for PBXProject "Archis" */ = {
			isa = XCConfigurationList;
			buildConfigurations = (
				D60C679D1B8A41E500859F5D /* Debug */,
				D60C679E1B8A41E500859F5D /* Release */,
			);
			defaultConfigurationIsVisible = 0;
			defaultConfigurationName = Release;
		};
		D60C679F1B8A41E500859F5D /* Build configuration list for PBXNativeTarget "Archis" */ = {
			isa = XCConfigurationList;
			buildConfigurations = (
				D60C67A01B8A41E500859F5D /* Debug */,
				D60C67A11B8A41E500859F5D /* Release */,
			);
			defaultConfigurationIsVisible = 0;
			defaultConfigurationName = Release;
		};
/* End XCConfigurationList section */
	};
	rootObject = D60C67901B8A41E500859F5D /* Project object */;
}
